// !$*UTF8*$!
{
	archiveVersion = 1;
	classes = {
	};
	objectVersion = 46;
	objects = {

/* Begin PBXBuildFile section */
		2A2EEF6E1C9B7A930045101E /* main.m in Sources */ = {isa = PBXBuildFile; fileRef = 2A2EEF6D1C9B7A930045101E /* main.m */; };
		2A2EEF711C9B7A930045101E /* AppDelegate.m in Sources */ = {isa = PBXBuildFile; fileRef = 2A2EEF701C9B7A930045101E /* AppDelegate.m */; };
		2A2EEF741C9B7A930045101E /* ContactsViewController.m in Sources */ = {isa = PBXBuildFile; fileRef = 2A2EEF731C9B7A930045101E /* ContactsViewController.m */; };
		2A2EEF771C9B7A930045101E /* Main.storyboard in Resources */ = {isa = PBXBuildFile; fileRef = 2A2EEF751C9B7A930045101E /* Main.storyboard */; };
		2A2EEF791C9B7A930045101E /* Assets.xcassets in Resources */ = {isa = PBXBuildFile; fileRef = 2A2EEF781C9B7A930045101E /* Assets.xcassets */; };
		2A2EEF7C1C9B7A930045101E /* LaunchScreen.storyboard in Resources */ = {isa = PBXBuildFile; fileRef = 2A2EEF7A1C9B7A930045101E /* LaunchScreen.storyboard */; };
		2A2EEF871C9B7A930045101E /* ContactsTests.m in Sources */ = {isa = PBXBuildFile; fileRef = 2A2EEF861C9B7A930045101E /* ContactsTests.m */; };
		2A57697C1CA239880054152F /* NewContactViewController.swift in Sources */ = {isa = PBXBuildFile; fileRef = 2A57697B1CA239880054152F /* NewContactViewController.swift */; };
		2AC6109C1CA22C86005DE3E1 /* Contact.swift in Sources */ = {isa = PBXBuildFile; fileRef = 2AC6109B1CA22C86005DE3E1 /* Contact.swift */; };
		2AF6ECDA1CA2595400E42E26 /* DefaultImage.m in Sources */ = {isa = PBXBuildFile; fileRef = 2AF6ECD91CA2595400E42E26 /* DefaultImage.m */; };
/* End PBXBuildFile section */

/* Begin PBXContainerItemProxy section */
		2A2EEF831C9B7A930045101E /* PBXContainerItemProxy */ = {
			isa = PBXContainerItemProxy;
			containerPortal = 2A2EEF611C9B7A930045101E /* Project object */;
			proxyType = 1;
			remoteGlobalIDString = 2A2EEF681C9B7A930045101E;
			remoteInfo = Contacts;
		};
/* End PBXContainerItemProxy section */

/* Begin PBXFileReference section */
		2A2EEF691C9B7A930045101E /* Contacts.app */ = {isa = PBXFileReference; explicitFileType = wrapper.application; includeInIndex = 0; path = Contacts.app; sourceTree = BUILT_PRODUCTS_DIR; };
		2A2EEF6D1C9B7A930045101E /* main.m */ = {isa = PBXFileReference; lastKnownFileType = sourcecode.c.objc; path = main.m; sourceTree = "<group>"; };
		2A2EEF6F1C9B7A930045101E /* AppDelegate.h */ = {isa = PBXFileReference; lastKnownFileType = sourcecode.c.h; path = AppDelegate.h; sourceTree = "<group>"; };
		2A2EEF701C9B7A930045101E /* AppDelegate.m */ = {isa = PBXFileReference; lastKnownFileType = sourcecode.c.objc; path = AppDelegate.m; sourceTree = "<group>"; };
		2A2EEF721C9B7A930045101E /* ContactsViewController.h */ = {isa = PBXFileReference; lastKnownFileType = sourcecode.c.h; path = ContactsViewController.h; sourceTree = "<group>"; };
		2A2EEF731C9B7A930045101E /* ContactsViewController.m */ = {isa = PBXFileReference; lastKnownFileType = sourcecode.c.objc; path = ContactsViewController.m; sourceTree = "<group>"; };
		2A2EEF761C9B7A930045101E /* Base */ = {isa = PBXFileReference; lastKnownFileType = file.storyboard; name = Base; path = Base.lproj/Main.storyboard; sourceTree = "<group>"; };
		2A2EEF781C9B7A930045101E /* Assets.xcassets */ = {isa = PBXFileReference; lastKnownFileType = folder.assetcatalog; path = Assets.xcassets; sourceTree = "<group>"; };
		2A2EEF7B1C9B7A930045101E /* Base */ = {isa = PBXFileReference; lastKnownFileType = file.storyboard; name = Base; path = Base.lproj/LaunchScreen.storyboard; sourceTree = "<group>"; };
		2A2EEF7D1C9B7A930045101E /* Info.plist */ = {isa = PBXFileReference; lastKnownFileType = text.plist.xml; path = Info.plist; sourceTree = "<group>"; };
		2A2EEF821C9B7A930045101E /* ContactsTests.xctest */ = {isa = PBXFileReference; explicitFileType = wrapper.cfbundle; includeInIndex = 0; path = ContactsTests.xctest; sourceTree = BUILT_PRODUCTS_DIR; };
		2A2EEF861C9B7A930045101E /* ContactsTests.m */ = {isa = PBXFileReference; lastKnownFileType = sourcecode.c.objc; path = ContactsTests.m; sourceTree = "<group>"; };
		2A2EEF881C9B7A930045101E /* Info.plist */ = {isa = PBXFileReference; lastKnownFileType = text.plist.xml; path = Info.plist; sourceTree = "<group>"; };
		2A57697B1CA239880054152F /* NewContactViewController.swift */ = {isa = PBXFileReference; fileEncoding = 4; lastKnownFileType = sourcecode.swift; path = NewContactViewController.swift; sourceTree = "<group>"; };
		2AC6109A1CA22C86005DE3E1 /* Contacts-Bridging-Header.h */ = {isa = PBXFileReference; lastKnownFileType = sourcecode.c.h; path = "Contacts-Bridging-Header.h"; sourceTree = "<group>"; };
		2AC6109B1CA22C86005DE3E1 /* Contact.swift */ = {isa = PBXFileReference; fileEncoding = 4; lastKnownFileType = sourcecode.swift; path = Contact.swift; sourceTree = "<group>"; };
		2AF6ECD81CA2595400E42E26 /* DefaultImage.h */ = {isa = PBXFileReference; fileEncoding = 4; lastKnownFileType = sourcecode.c.h; path = DefaultImage.h; sourceTree = "<group>"; };
		2AF6ECD91CA2595400E42E26 /* DefaultImage.m */ = {isa = PBXFileReference; fileEncoding = 4; lastKnownFileType = sourcecode.c.objc; path = DefaultImage.m; sourceTree = "<group>"; };
/* End PBXFileReference section */

/* Begin PBXFrameworksBuildPhase section */
		2A2EEF661C9B7A930045101E /* Frameworks */ = {
			isa = PBXFrameworksBuildPhase;
			buildActionMask = 2147483647;
			files = (
			);
			runOnlyForDeploymentPostprocessing = 0;
		};
		2A2EEF7F1C9B7A930045101E /* Frameworks */ = {
			isa = PBXFrameworksBuildPhase;
			buildActionMask = 2147483647;
			files = (
			);
			runOnlyForDeploymentPostprocessing = 0;
		};
/* End PBXFrameworksBuildPhase section */

/* Begin PBXGroup section */
		2A2EEF601C9B7A930045101E = {
			isa = PBXGroup;
			children = (
				2AF6ECD81CA2595400E42E26 /* DefaultImage.h */,
				2AF6ECD91CA2595400E42E26 /* DefaultImage.m */,
				2A2EEF6B1C9B7A930045101E /* Contacts */,
				2A2EEF851C9B7A930045101E /* ContactsTests */,
				2A2EEF6A1C9B7A930045101E /* Products */,
			);
			sourceTree = "<group>";
		};
		2A2EEF6A1C9B7A930045101E /* Products */ = {
			isa = PBXGroup;
			children = (
				2A2EEF691C9B7A930045101E /* Contacts.app */,
				2A2EEF821C9B7A930045101E /* ContactsTests.xctest */,
			);
			name = Products;
			sourceTree = "<group>";
		};
		2A2EEF6B1C9B7A930045101E /* Contacts */ = {
			isa = PBXGroup;
			children = (
				2A2EEF6F1C9B7A930045101E /* AppDelegate.h */,
				2A2EEF701C9B7A930045101E /* AppDelegate.m */,
				2A2EEF721C9B7A930045101E /* ContactsViewController.h */,
				2A2EEF731C9B7A930045101E /* ContactsViewController.m */,
				2A57697B1CA239880054152F /* NewContactViewController.swift */,
				2A2EEF751C9B7A930045101E /* Main.storyboard */,
				2AC6109B1CA22C86005DE3E1 /* Contact.swift */,
				2A2EEF781C9B7A930045101E /* Assets.xcassets */,
				2A2EEF7A1C9B7A930045101E /* LaunchScreen.storyboard */,
				2A2EEF7D1C9B7A930045101E /* Info.plist */,
				2A2EEF6C1C9B7A930045101E /* Supporting Files */,
				2AC6109A1CA22C86005DE3E1 /* Contacts-Bridging-Header.h */,
			);
			path = Contacts;
			sourceTree = "<group>";
		};
		2A2EEF6C1C9B7A930045101E /* Supporting Files */ = {
			isa = PBXGroup;
			children = (
				2A2EEF6D1C9B7A930045101E /* main.m */,
			);
			name = "Supporting Files";
			sourceTree = "<group>";
		};
		2A2EEF851C9B7A930045101E /* ContactsTests */ = {
			isa = PBXGroup;
			children = (
				2A2EEF861C9B7A930045101E /* ContactsTests.m */,
				2A2EEF881C9B7A930045101E /* Info.plist */,
			);
			path = ContactsTests;
			sourceTree = "<group>";
		};
/* End PBXGroup section */

/* Begin PBXNativeTarget section */
		2A2EEF681C9B7A930045101E /* Contacts */ = {
			isa = PBXNativeTarget;
			buildConfigurationList = 2A2EEF8B1C9B7A930045101E /* Build configuration list for PBXNativeTarget "Contacts" */;
			buildPhases = (
				2A2EEF651C9B7A930045101E /* Sources */,
				2A2EEF661C9B7A930045101E /* Frameworks */,
				2A2EEF671C9B7A930045101E /* Resources */,
			);
			buildRules = (
			);
			dependencies = (
			);
			name = Contacts;
			productName = Contacts;
			productReference = 2A2EEF691C9B7A930045101E /* Contacts.app */;
			productType = "com.apple.product-type.application";
		};
		2A2EEF811C9B7A930045101E /* ContactsTests */ = {
			isa = PBXNativeTarget;
			buildConfigurationList = 2A2EEF8E1C9B7A930045101E /* Build configuration list for PBXNativeTarget "ContactsTests" */;
			buildPhases = (
				2A2EEF7E1C9B7A930045101E /* Sources */,
				2A2EEF7F1C9B7A930045101E /* Frameworks */,
				2A2EEF801C9B7A930045101E /* Resources */,
			);
			buildRules = (
			);
			dependencies = (
				2A2EEF841C9B7A930045101E /* PBXTargetDependency */,
			);
			name = ContactsTests;
			productName = ContactsTests;
			productReference = 2A2EEF821C9B7A930045101E /* ContactsTests.xctest */;
			productType = "com.apple.product-type.bundle.unit-test";
		};
/* End PBXNativeTarget section */

/* Begin PBXProject section */
		2A2EEF611C9B7A930045101E /* Project object */ = {
			isa = PBXProject;
			attributes = {
				LastUpgradeCheck = 0720;
				ORGANIZATIONNAME = "Seab Jackson";
				TargetAttributes = {
					2A2EEF681C9B7A930045101E = {
						CreatedOnToolsVersion = 7.2.1;
						DevelopmentTeam = 86SYWTB5Q2;
					};
					2A2EEF811C9B7A930045101E = {
						CreatedOnToolsVersion = 7.2.1;
						DevelopmentTeam = 86SYWTB5Q2;
						TestTargetID = 2A2EEF681C9B7A930045101E;
					};
				};
			};
			buildConfigurationList = 2A2EEF641C9B7A930045101E /* Build configuration list for PBXProject "Contacts" */;
			compatibilityVersion = "Xcode 3.2";
			developmentRegion = English;
			hasScannedForEncodings = 0;
			knownRegions = (
				en,
				Base,
			);
			mainGroup = 2A2EEF601C9B7A930045101E;
			productRefGroup = 2A2EEF6A1C9B7A930045101E /* Products */;
			projectDirPath = "";
			projectRoot = "";
			targets = (
				2A2EEF681C9B7A930045101E /* Contacts */,
				2A2EEF811C9B7A930045101E /* ContactsTests */,
			);
		};
/* End PBXProject section */

/* Begin PBXResourcesBuildPhase section */
		2A2EEF671C9B7A930045101E /* Resources */ = {
			isa = PBXResourcesBuildPhase;
			buildActionMask = 2147483647;
			files = (
				2A2EEF7C1C9B7A930045101E /* LaunchScreen.storyboard in Resources */,
				2A2EEF791C9B7A930045101E /* Assets.xcassets in Resources */,
				2A2EEF771C9B7A930045101E /* Main.storyboard in Resources */,
			);
			runOnlyForDeploymentPostprocessing = 0;
		};
		2A2EEF801C9B7A930045101E /* Resources */ = {
			isa = PBXResourcesBuildPhase;
			buildActionMask = 2147483647;
			files = (
			);
			runOnlyForDeploymentPostprocessing = 0;
		};
/* End PBXResourcesBuildPhase section */

/* Begin PBXSourcesBuildPhase section */
		2A2EEF651C9B7A930045101E /* Sources */ = {
			isa = PBXSourcesBuildPhase;
			buildActionMask = 2147483647;
			files = (
				2AC6109C1CA22C86005DE3E1 /* Contact.swift in Sources */,
				2A57697C1CA239880054152F /* NewContactViewController.swift in Sources */,
				2A2EEF741C9B7A930045101E /* ContactsViewController.m in Sources */,
				2A2EEF711C9B7A930045101E /* AppDelegate.m in Sources */,
				2A2EEF6E1C9B7A930045101E /* main.m in Sources */,
				2AF6ECDA1CA2595400E42E26 /* DefaultImage.m in Sources */,
			);
			runOnlyForDeploymentPostprocessing = 0;
		};
		2A2EEF7E1C9B7A930045101E /* Sources */ = {
			isa = PBXSourcesBuildPhase;
			buildActionMask = 2147483647;
			files = (
				2A2EEF871C9B7A930045101E /* ContactsTests.m in Sources */,
			);
			runOnlyForDeploymentPostprocessing = 0;
		};
/* End PBXSourcesBuildPhase section */

/* Begin PBXTargetDependency section */
		2A2EEF841C9B7A930045101E /* PBXTargetDependency */ = {
			isa = PBXTargetDependency;
			target = 2A2EEF681C9B7A930045101E /* Contacts */;
			targetProxy = 2A2EEF831C9B7A930045101E /* PBXContainerItemProxy */;
		};
/* End PBXTargetDependency section */

/* Begin PBXVariantGroup section */
		2A2EEF751C9B7A930045101E /* Main.storyboard */ = {
			isa = PBXVariantGroup;
			children = (
				2A2EEF761C9B7A930045101E /* Base */,
			);
			name = Main.storyboard;
			sourceTree = "<group>";
		};
		2A2EEF7A1C9B7A930045101E /* LaunchScreen.storyboard */ = {
			isa = PBXVariantGroup;
			children = (
				2A2EEF7B1C9B7A930045101E /* Base */,
			);
			name = LaunchScreen.storyboard;
			sourceTree = "<group>";
		};
/* End PBXVariantGroup section */

/* Begin XCBuildConfiguration section */
		2A2EEF891C9B7A930045101E /* Debug */ = {
			isa = XCBuildConfiguration;
			buildSettings = {
				ALWAYS_SEARCH_USER_PATHS = NO;
				CLANG_CXX_LANGUAGE_STANDARD = "gnu++0x";
				CLANG_CXX_LIBRARY = "libc++";
				CLANG_ENABLE_MODULES = YES;
				CLANG_ENABLE_OBJC_ARC = YES;
				CLANG_WARN_BOOL_CONVERSION = YES;
				CLANG_WARN_CONSTANT_CONVERSION = YES;
				CLANG_WARN_DIRECT_OBJC_ISA_USAGE = YES_ERROR;
				CLANG_WARN_EMPTY_BODY = YES;
				CLANG_WARN_ENUM_CONVERSION = YES;
				CLANG_WARN_INT_CONVERSION = YES;
				CLANG_WARN_OBJC_ROOT_CLASS = YES_ERROR;
				CLANG_WARN_UNREACHABLE_CODE = YES;
				CLANG_WARN__DUPLICATE_METHOD_MATCH = YES;
				"CODE_SIGN_IDENTITY[sdk=iphoneos*]" = "iPhone Developer";
				COPY_PHASE_STRIP = NO;
				DEBUG_INFORMATION_FORMAT = dwarf;
				ENABLE_STRICT_OBJC_MSGSEND = YES;
				ENABLE_TESTABILITY = YES;
				GCC_C_LANGUAGE_STANDARD = gnu99;
				GCC_DYNAMIC_NO_PIC = NO;
				GCC_NO_COMMON_BLOCKS = YES;
				GCC_OPTIMIZATION_LEVEL = 0;
				GCC_PREPROCESSOR_DEFINITIONS = (
					"DEBUG=1",
					"$(inherited)",
				);
				GCC_WARN_64_TO_32_BIT_CONVERSION = YES;
				GCC_WARN_ABOUT_RETURN_TYPE = YES_ERROR;
				GCC_WARN_UNDECLARED_SELECTOR = YES;
				GCC_WARN_UNINITIALIZED_AUTOS = YES_AGGRESSIVE;
				GCC_WARN_UNUSED_FUNCTION = YES;
				GCC_WARN_UNUSED_VARIABLE = YES;
				IPHONEOS_DEPLOYMENT_TARGET = 9.2;
				MTL_ENABLE_DEBUG_INFO = YES;
				ONLY_ACTIVE_ARCH = YES;
				SDKROOT = iphoneos;
			};
			name = Debug;
		};
		2A2EEF8A1C9B7A930045101E /* Release */ = {
			isa = XCBuildConfiguration;
			buildSettings = {
				ALWAYS_SEARCH_USER_PATHS = NO;
				CLANG_CXX_LANGUAGE_STANDARD = "gnu++0x";
				CLANG_CXX_LIBRARY = "libc++";
				CLANG_ENABLE_MODULES = YES;
				CLANG_ENABLE_OBJC_ARC = YES;
				CLANG_WARN_BOOL_CONVERSION = YES;
				CLANG_WARN_CONSTANT_CONVERSION = YES;
				CLANG_WARN_DIRECT_OBJC_ISA_USAGE = YES_ERROR;
				CLANG_WARN_EMPTY_BODY = YES;
				CLANG_WARN_ENUM_CONVERSION = YES;
				CLANG_WARN_INT_CONVERSION = YES;
				CLANG_WARN_OBJC_ROOT_CLASS = YES_ERROR;
				CLANG_WARN_UNREACHABLE_CODE = YES;
				CLANG_WARN__DUPLICATE_METHOD_MATCH = YES;
				"CODE_SIGN_IDENTITY[sdk=iphoneos*]" = "iPhone Developer";
				COPY_PHASE_STRIP = NO;
				DEBUG_INFORMATION_FORMAT = "dwarf-with-dsym";
				ENABLE_NS_ASSERTIONS = NO;
				ENABLE_STRICT_OBJC_MSGSEND = YES;
				GCC_C_LANGUAGE_STANDARD = gnu99;
				GCC_NO_COMMON_BLOCKS = YES;
				GCC_WARN_64_TO_32_BIT_CONVERSION = YES;
				GCC_WARN_ABOUT_RETURN_TYPE = YES_ERROR;
				GCC_WARN_UNDECLARED_SELECTOR = YES;
				GCC_WARN_UNINITIALIZED_AUTOS = YES_AGGRESSIVE;
				GCC_WARN_UNUSED_FUNCTION = YES;
				GCC_WARN_UNUSED_VARIABLE = YES;
				IPHONEOS_DEPLOYMENT_TARGET = 9.2;
				MTL_ENABLE_DEBUG_INFO = NO;
				SDKROOT = iphoneos;
				VALIDATE_PRODUCT = YES;
			};
			name = Release;
		};
		2A2EEF8C1C9B7A930045101E /* Debug */ = {
			isa = XCBuildConfiguration;
			buildSettings = {
				ASSETCATALOG_COMPILER_APPICON_NAME = AppIcon;
				CLANG_ENABLE_MODULES = YES;
				INFOPLIST_FILE = Contacts/Info.plist;
				LD_RUNPATH_SEARCH_PATHS = "$(inherited) @executable_path/Frameworks";
				PRODUCT_BUNDLE_IDENTIFIER = "Seab-Jackson.Contacts";
				PRODUCT_NAME = "$(TARGET_NAME)";
				SWIFT_OBJC_BRIDGING_HEADER = "Contacts/Contacts-Bridging-Header.h";
				SWIFT_OPTIMIZATION_LEVEL = "-Onone";
			};
			name = Debug;
		};
		2A2EEF8D1C9B7A930045101E /* Release */ = {
			isa = XCBuildConfiguration;
			buildSettings = {
				ASSETCATALOG_COMPILER_APPICON_NAME = AppIcon;
				CLANG_ENABLE_MODULES = YES;
				INFOPLIST_FILE = Contacts/Info.plist;
				LD_RUNPATH_SEARCH_PATHS = "$(inherited) @executable_path/Frameworks";
				PRODUCT_BUNDLE_IDENTIFIER = "Seab-Jackson.Contacts";
				PRODUCT_NAME = "$(TARGET_NAME)";
				SWIFT_OBJC_BRIDGING_HEADER = "Contacts/Contacts-Bridging-Header.h";
			};
			name = Release;
		};
		2A2EEF8F1C9B7A930045101E /* Debug */ = {
			isa = XCBuildConfiguration;
			buildSettings = {
				BUNDLE_LOADER = "$(TEST_HOST)";
				INFOPLIST_FILE = ContactsTests/Info.plist;
				LD_RUNPATH_SEARCH_PATHS = "$(inherited) @executable_path/Frameworks @loader_path/Frameworks";
				PRODUCT_BUNDLE_IDENTIFIER = "Seab-Jackson.ContactsTests";
				PRODUCT_NAME = "$(TARGET_NAME)";
				TEST_HOST = "$(BUILT_PRODUCTS_DIR)/Contacts.app/Contacts";
			};
			name = Debug;
		};
		2A2EEF901C9B7A930045101E /* Release */ = {
			isa = XCBuildConfiguration;
			buildSettings = {
				BUNDLE_LOADER = "$(TEST_HOST)";
				INFOPLIST_FILE = ContactsTests/Info.plist;
				LD_RUNPATH_SEARCH_PATHS = "$(inherited) @executable_path/Frameworks @loader_path/Frameworks";
				PRODUCT_BUNDLE_IDENTIFIER = "Seab-Jackson.ContactsTests";
				PRODUCT_NAME = "$(TARGET_NAME)";
				TEST_HOST = "$(BUILT_PRODUCTS_DIR)/Contacts.app/Contacts";
			};
			name = Release;
		};
/* End XCBuildConfiguration section */

/* Begin XCConfigurationList section */
		2A2EEF641C9B7A930045101E /* Build configuration list for PBXProject "Contacts" */ = {
			isa = XCConfigurationList;
			buildConfigurations = (
				2A2EEF891C9B7A930045101E /* Debug */,
				2A2EEF8A1C9B7A930045101E /* Release */,
			);
			defaultConfigurationIsVisible = 0;
			defaultConfigurationName = Release;
		};
		2A2EEF8B1C9B7A930045101E /* Build configuration list for PBXNativeTarget "Contacts" */ = {
			isa = XCConfigurationList;
			buildConfigurations = (
				2A2EEF8C1C9B7A930045101E /* Debug */,
				2A2EEF8D1C9B7A930045101E /* Release */,
			);
			defaultConfigurationIsVisible = 0;
			defaultConfigurationName = Release;
		};
		2A2EEF8E1C9B7A930045101E /* Build configuration list for PBXNativeTarget "ContactsTests" */ = {
			isa = XCConfigurationList;
			buildConfigurations = (
				2A2EEF8F1C9B7A930045101E /* Debug */,
				2A2EEF901C9B7A930045101E /* Release */,
			);
			defaultConfigurationIsVisible = 0;
			defaultConfigurationName = Release;
		};
/* End XCConfigurationList section */
	};
	rootObject = 2A2EEF611C9B7A930045101E /* Project object */;
}
