// !$*UTF8*$!
{
	archiveVersion = 1;
	classes = {
	};
	objectVersion = 46;
	objects = {

/* Begin PBXBuildFile section */
		2A3EC6531C4F7B830087C612 /* main.swift in Sources */ = {isa = PBXBuildFile; fileRef = 2A3EC6521C4F7B830087C612 /* main.swift */; };
		2A3EC65A1C4F7DB80087C612 /* Town.swift in Sources */ = {isa = PBXBuildFile; fileRef = 2A3EC6591C4F7DB80087C612 /* Town.swift */; };
		2A3EC65C1C4FC2220087C612 /* Monster.swift in Sources */ = {isa = PBXBuildFile; fileRef = 2A3EC65B1C4FC2220087C612 /* Monster.swift */; };
		2A3EC65E1C4FC56F0087C612 /* Zombie.swift in Sources */ = {isa = PBXBuildFile; fileRef = 2A3EC65D1C4FC56F0087C612 /* Zombie.swift */; };
		2AA01A531C5BA88A008410F6 /* Mayor.swift in Sources */ = {isa = PBXBuildFile; fileRef = 2AA01A521C5BA88A008410F6 /* Mayor.swift */; };
		2AF6AC711C5033C600BA71C0 /* Vampire.swift in Sources */ = {isa = PBXBuildFile; fileRef = 2AF6AC701C5033C600BA71C0 /* Vampire.swift */; };
/* End PBXBuildFile section */

/* Begin PBXCopyFilesBuildPhase section */
		2A3EC64D1C4F7B830087C612 /* CopyFiles */ = {
			isa = PBXCopyFilesBuildPhase;
			buildActionMask = 2147483647;
			dstPath = /usr/share/man/man1/;
			dstSubfolderSpec = 0;
			files = (
			);
			runOnlyForDeploymentPostprocessing = 1;
		};
/* End PBXCopyFilesBuildPhase section */

/* Begin PBXFileReference section */
		2A3EC64F1C4F7B830087C612 /* MonsterTown */ = {isa = PBXFileReference; explicitFileType = "compiled.mach-o.executable"; includeInIndex = 0; path = MonsterTown; sourceTree = BUILT_PRODUCTS_DIR; };
		2A3EC6521C4F7B830087C612 /* main.swift */ = {isa = PBXFileReference; lastKnownFileType = sourcecode.swift; path = main.swift; sourceTree = "<group>"; };
		2A3EC6591C4F7DB80087C612 /* Town.swift */ = {isa = PBXFileReference; fileEncoding = 4; lastKnownFileType = sourcecode.swift; name = Town.swift; path = ../Town.swift; sourceTree = "<group>"; };
		2A3EC65B1C4FC2220087C612 /* Monster.swift */ = {isa = PBXFileReference; fileEncoding = 4; lastKnownFileType = sourcecode.swift; name = Monster.swift; path = ../Monster.swift; sourceTree = "<group>"; };
		2A3EC65D1C4FC56F0087C612 /* Zombie.swift */ = {isa = PBXFileReference; fileEncoding = 4; lastKnownFileType = sourcecode.swift; path = Zombie.swift; sourceTree = "<group>"; };
		2AA01A521C5BA88A008410F6 /* Mayor.swift */ = {isa = PBXFileReference; fileEncoding = 4; lastKnownFileType = sourcecode.swift; path = Mayor.swift; sourceTree = "<group>"; };
		2AF6AC701C5033C600BA71C0 /* Vampire.swift */ = {isa = PBXFileReference; fileEncoding = 4; lastKnownFileType = sourcecode.swift; path = Vampire.swift; sourceTree = "<group>"; };
/* End PBXFileReference section */

/* Begin PBXFrameworksBuildPhase section */
		2A3EC64C1C4F7B830087C612 /* Frameworks */ = {
			isa = PBXFrameworksBuildPhase;
			buildActionMask = 2147483647;
			files = (
			);
			runOnlyForDeploymentPostprocessing = 0;
		};
/* End PBXFrameworksBuildPhase section */

/* Begin PBXGroup section */
		2A3EC6461C4F7B830087C612 = {
			isa = PBXGroup;
			children = (
				2A3EC6511C4F7B830087C612 /* MonsterTown */,
				2A3EC6501C4F7B830087C612 /* Products */,
			);
			sourceTree = "<group>";
		};
		2A3EC6501C4F7B830087C612 /* Products */ = {
			isa = PBXGroup;
			children = (
				2A3EC64F1C4F7B830087C612 /* MonsterTown */,
			);
			name = Products;
			sourceTree = "<group>";
		};
		2A3EC6511C4F7B830087C612 /* MonsterTown */ = {
			isa = PBXGroup;
			children = (
				2A3EC65B1C4FC2220087C612 /* Monster.swift */,
				2A3EC6591C4F7DB80087C612 /* Town.swift */,
				2AA01A521C5BA88A008410F6 /* Mayor.swift */,
				2A3EC6521C4F7B830087C612 /* main.swift */,
				2A3EC65D1C4FC56F0087C612 /* Zombie.swift */,
				2AF6AC701C5033C600BA71C0 /* Vampire.swift */,
			);
			path = MonsterTown;
			sourceTree = "<group>";
		};
/* End PBXGroup section */

/* Begin PBXNativeTarget section */
		2A3EC64E1C4F7B830087C612 /* MonsterTown */ = {
			isa = PBXNativeTarget;
			buildConfigurationList = 2A3EC6561C4F7B830087C612 /* Build configuration list for PBXNativeTarget "MonsterTown" */;
			buildPhases = (
				2A3EC64B1C4F7B830087C612 /* Sources */,
				2A3EC64C1C4F7B830087C612 /* Frameworks */,
				2A3EC64D1C4F7B830087C612 /* CopyFiles */,
			);
			buildRules = (
			);
			dependencies = (
			);
			name = MonsterTown;
			productName = MonsterTown;
			productReference = 2A3EC64F1C4F7B830087C612 /* MonsterTown */;
			productType = "com.apple.product-type.tool";
		};
/* End PBXNativeTarget section */

/* Begin PBXProject section */
		2A3EC6471C4F7B830087C612 /* Project object */ = {
			isa = PBXProject;
			attributes = {
				LastUpgradeCheck = 0710;
				ORGANIZATIONNAME = "Seab Jackson";
				TargetAttributes = {
					2A3EC64E1C4F7B830087C612 = {
						CreatedOnToolsVersion = 7.1;
					};
				};
			};
			buildConfigurationList = 2A3EC64A1C4F7B830087C612 /* Build configuration list for PBXProject "MonsterTown" */;
			compatibilityVersion = "Xcode 3.2";
			developmentRegion = English;
			hasScannedForEncodings = 0;
			knownRegions = (
				en,
			);
			mainGroup = 2A3EC6461C4F7B830087C612;
			productRefGroup = 2A3EC6501C4F7B830087C612 /* Products */;
			projectDirPath = "";
			projectRoot = "";
			targets = (
				2A3EC64E1C4F7B830087C612 /* MonsterTown */,
			);
		};
/* End PBXProject section */

/* Begin PBXSourcesBuildPhase section */
		2A3EC64B1C4F7B830087C612 /* Sources */ = {
			isa = PBXSourcesBuildPhase;
			buildActionMask = 2147483647;
			files = (
				2A3EC6531C4F7B830087C612 /* main.swift in Sources */,
				2A3EC65E1C4FC56F0087C612 /* Zombie.swift in Sources */,
				2AA01A531C5BA88A008410F6 /* Mayor.swift in Sources */,
				2A3EC65C1C4FC2220087C612 /* Monster.swift in Sources */,
				2AF6AC711C5033C600BA71C0 /* Vampire.swift in Sources */,
				2A3EC65A1C4F7DB80087C612 /* Town.swift in Sources */,
			);
			runOnlyForDeploymentPostprocessing = 0;
		};
/* End PBXSourcesBuildPhase section */

/* Begin XCBuildConfiguration section */
		2A3EC6541C4F7B830087C612 /* Debug */ = {
			isa = XCBuildConfiguration;
			buildSettings = {
				ALWAYS_SEARCH_USER_PATHS = NO;
				CLANG_CXX_LANGUAGE_STANDARD = "gnu++0x";
				CLANG_CXX_LIBRARY = "libc++";
				CLANG_ENABLE_MODULES = YES;
				CLANG_ENABLE_OBJC_ARC = YES;
				CLANG_WARN_BOOL_CONVERSION = YES;
				CLANG_WARN_CONSTANT_CONVERSION = YES;
				CLANG_WARN_DIRECT_OBJC_ISA_USAGE = YES_ERROR;
				CLANG_WARN_EMPTY_BODY = YES;
				CLANG_WARN_ENUM_CONVERSION = YES;
				CLANG_WARN_INT_CONVERSION = YES;
				CLANG_WARN_OBJC_ROOT_CLASS = YES_ERROR;
				CLANG_WARN_UNREACHABLE_CODE = YES;
				CLANG_WARN__DUPLICATE_METHOD_MATCH = YES;
				CODE_SIGN_IDENTITY = "-";
				COPY_PHASE_STRIP = NO;
				DEBUG_INFORMATION_FORMAT = dwarf;
				ENABLE_STRICT_OBJC_MSGSEND = YES;
				ENABLE_TESTABILITY = YES;
				GCC_C_LANGUAGE_STANDARD = gnu99;
				GCC_DYNAMIC_NO_PIC = NO;
				GCC_NO_COMMON_BLOCKS = YES;
				GCC_OPTIMIZATION_LEVEL = 0;
				GCC_PREPROCESSOR_DEFINITIONS = (
					"DEBUG=1",
					"$(inherited)",
				);
				GCC_WARN_64_TO_32_BIT_CONVERSION = YES;
				GCC_WARN_ABOUT_RETURN_TYPE = YES_ERROR;
				GCC_WARN_UNDECLARED_SELECTOR = YES;
				GCC_WARN_UNINITIALIZED_AUTOS = YES_AGGRESSIVE;
				GCC_WARN_UNUSED_FUNCTION = YES;
				GCC_WARN_UNUSED_VARIABLE = YES;
				MACOSX_DEPLOYMENT_TARGET = 10.11;
				MTL_ENABLE_DEBUG_INFO = YES;
				ONLY_ACTIVE_ARCH = YES;
				SDKROOT = macosx;
				SWIFT_OPTIMIZATION_LEVEL = "-Onone";
			};
			name = Debug;
		};
		2A3EC6551C4F7B830087C612 /* Release */ = {
			isa = XCBuildConfiguration;
			buildSettings = {
				ALWAYS_SEARCH_USER_PATHS = NO;
				CLANG_CXX_LANGUAGE_STANDARD = "gnu++0x";
				CLANG_CXX_LIBRARY = "libc++";
				CLANG_ENABLE_MODULES = YES;
				CLANG_ENABLE_OBJC_ARC = YES;
				CLANG_WARN_BOOL_CONVERSION = YES;
				CLANG_WARN_CONSTANT_CONVERSION = YES;
				CLANG_WARN_DIRECT_OBJC_ISA_USAGE = YES_ERROR;
				CLANG_WARN_EMPTY_BODY = YES;
				CLANG_WARN_ENUM_CONVERSION = YES;
				CLANG_WARN_INT_CONVERSION = YES;
				CLANG_WARN_OBJC_ROOT_CLASS = YES_ERROR;
				CLANG_WARN_UNREACHABLE_CODE = YES;
				CLANG_WARN__DUPLICATE_METHOD_MATCH = YES;
				CODE_SIGN_IDENTITY = "-";
				COPY_PHASE_STRIP = NO;
				DEBUG_INFORMATION_FORMAT = "dwarf-with-dsym";
				ENABLE_NS_ASSERTIONS = NO;
				ENABLE_STRICT_OBJC_MSGSEND = YES;
				GCC_C_LANGUAGE_STANDARD = gnu99;
				GCC_NO_COMMON_BLOCKS = YES;
				GCC_WARN_64_TO_32_BIT_CONVERSION = YES;
				GCC_WARN_ABOUT_RETURN_TYPE = YES_ERROR;
				GCC_WARN_UNDECLARED_SELECTOR = YES;
				GCC_WARN_UNINITIALIZED_AUTOS = YES_AGGRESSIVE;
				GCC_WARN_UNUSED_FUNCTION = YES;
				GCC_WARN_UNUSED_VARIABLE = YES;
				MACOSX_DEPLOYMENT_TARGET = 10.11;
				MTL_ENABLE_DEBUG_INFO = NO;
				SDKROOT = macosx;
			};
			name = Release;
		};
		2A3EC6571C4F7B830087C612 /* Debug */ = {
			isa = XCBuildConfiguration;
			buildSettings = {
				PRODUCT_NAME = "$(TARGET_NAME)";
			};
			name = Debug;
		};
		2A3EC6581C4F7B830087C612 /* Release */ = {
			isa = XCBuildConfiguration;
			buildSettings = {
				PRODUCT_NAME = "$(TARGET_NAME)";
			};
			name = Release;
		};
/* End XCBuildConfiguration section */

/* Begin XCConfigurationList section */
		2A3EC64A1C4F7B830087C612 /* Build configuration list for PBXProject "MonsterTown" */ = {
			isa = XCConfigurationList;
			buildConfigurations = (
				2A3EC6541C4F7B830087C612 /* Debug */,
				2A3EC6551C4F7B830087C612 /* Release */,
			);
			defaultConfigurationIsVisible = 0;
			defaultConfigurationName = Release;
		};
		2A3EC6561C4F7B830087C612 /* Build configuration list for PBXNativeTarget "MonsterTown" */ = {
			isa = XCConfigurationList;
			buildConfigurations = (
				2A3EC6571C4F7B830087C612 /* Debug */,
				2A3EC6581C4F7B830087C612 /* Release */,
			);
			defaultConfigurationIsVisible = 0;
			defaultConfigurationName = Release;
		};
/* End XCConfigurationList section */
	};
	rootObject = 2A3EC6471C4F7B830087C612 /* Project object */;
}
